// !$*UTF8*$!
{
	archiveVersion = 1;
	classes = {
	};
	objectVersion = 55;
	objects = {

/* Begin PBXBuildFile section */
		27F70E3A27BEA9E50034EADE /* AppDelegate.swift in Sources */ = {isa = PBXBuildFile; fileRef = 27F70E3927BEA9E50034EADE /* AppDelegate.swift */; };
		27F70E4327BEA9E90034EADE /* Assets.xcassets in Resources */ = {isa = PBXBuildFile; fileRef = 27F70E4227BEA9E90034EADE /* Assets.xcassets */; };
		27F70E4627BEA9E90034EADE /* LaunchScreen.storyboard in Resources */ = {isa = PBXBuildFile; fileRef = 27F70E4427BEA9E90034EADE /* LaunchScreen.storyboard */; };
		27F70E4E27BEC8DC0034EADE /* ListViewController.swift in Sources */ = {isa = PBXBuildFile; fileRef = 27F70E4D27BEC8DC0034EADE /* ListViewController.swift */; };
		27F70E5027BEC8F00034EADE /* ListViewModel.swift in Sources */ = {isa = PBXBuildFile; fileRef = 27F70E4F27BEC8F00034EADE /* ListViewModel.swift */; };
		27F70E5327BEC9330034EADE /* AddItemViewController.swift in Sources */ = {isa = PBXBuildFile; fileRef = 27F70E5227BEC9330034EADE /* AddItemViewController.swift */; };
		27F70E5527BEC9460034EADE /* AddItemViewModel.swift in Sources */ = {isa = PBXBuildFile; fileRef = 27F70E5427BEC9460034EADE /* AddItemViewModel.swift */; };
		27F70E5927BEC99D0034EADE /* TableCell.swift in Sources */ = {isa = PBXBuildFile; fileRef = 27F70E5727BEC99D0034EADE /* TableCell.swift */; };
		27F70E5A27BEC99D0034EADE /* TableCell.xib in Resources */ = {isa = PBXBuildFile; fileRef = 27F70E5827BEC99D0034EADE /* TableCell.xib */; };
		27F70E5D27BEC9C90034EADE /* TaskManager.swift in Sources */ = {isa = PBXBuildFile; fileRef = 27F70E5C27BEC9C90034EADE /* TaskManager.swift */; };
		27F70E6127BECB860034EADE /* SnapKit in Frameworks */ = {isa = PBXBuildFile; productRef = 27F70E6027BECB860034EADE /* SnapKit */; };
/* End PBXBuildFile section */

/* Begin PBXFileReference section */
		27F70E3627BEA9E50034EADE /* ToDoApp.app */ = {isa = PBXFileReference; explicitFileType = wrapper.application; includeInIndex = 0; path = ToDoApp.app; sourceTree = BUILT_PRODUCTS_DIR; };
		27F70E3927BEA9E50034EADE /* AppDelegate.swift */ = {isa = PBXFileReference; lastKnownFileType = sourcecode.swift; path = AppDelegate.swift; sourceTree = "<group>"; };
		27F70E4227BEA9E90034EADE /* Assets.xcassets */ = {isa = PBXFileReference; lastKnownFileType = folder.assetcatalog; path = Assets.xcassets; sourceTree = "<group>"; };
		27F70E4527BEA9E90034EADE /* Base */ = {isa = PBXFileReference; lastKnownFileType = file.storyboard; name = Base; path = Base.lproj/LaunchScreen.storyboard; sourceTree = "<group>"; };
		27F70E4727BEA9E90034EADE /* Info.plist */ = {isa = PBXFileReference; lastKnownFileType = text.plist.xml; path = Info.plist; sourceTree = "<group>"; };
		27F70E4D27BEC8DC0034EADE /* ListViewController.swift */ = {isa = PBXFileReference; lastKnownFileType = sourcecode.swift; path = ListViewController.swift; sourceTree = "<group>"; };
		27F70E4F27BEC8F00034EADE /* ListViewModel.swift */ = {isa = PBXFileReference; lastKnownFileType = sourcecode.swift; path = ListViewModel.swift; sourceTree = "<group>"; };
		27F70E5227BEC9330034EADE /* AddItemViewController.swift */ = {isa = PBXFileReference; lastKnownFileType = sourcecode.swift; path = AddItemViewController.swift; sourceTree = "<group>"; };
		27F70E5427BEC9460034EADE /* AddItemViewModel.swift */ = {isa = PBXFileReference; lastKnownFileType = sourcecode.swift; path = AddItemViewModel.swift; sourceTree = "<group>"; };
		27F70E5727BEC99D0034EADE /* TableCell.swift */ = {isa = PBXFileReference; lastKnownFileType = sourcecode.swift; path = TableCell.swift; sourceTree = "<group>"; };
		27F70E5827BEC99D0034EADE /* TableCell.xib */ = {isa = PBXFileReference; lastKnownFileType = file.xib; path = TableCell.xib; sourceTree = "<group>"; };
		27F70E5C27BEC9C90034EADE /* TaskManager.swift */ = {isa = PBXFileReference; lastKnownFileType = sourcecode.swift; path = TaskManager.swift; sourceTree = "<group>"; };
/* End PBXFileReference section */

/* Begin PBXFrameworksBuildPhase section */
		27F70E3327BEA9E50034EADE /* Frameworks */ = {
			isa = PBXFrameworksBuildPhase;
			buildActionMask = 2147483647;
			files = (
				27F70E6127BECB860034EADE /* SnapKit in Frameworks */,
			);
			runOnlyForDeploymentPostprocessing = 0;
		};
/* End PBXFrameworksBuildPhase section */

/* Begin PBXGroup section */
		27F70E2D27BEA9E50034EADE = {
			isa = PBXGroup;
			children = (
				27F70E3827BEA9E50034EADE /* ToDoApp */,
				27F70E3727BEA9E50034EADE /* Products */,
			);
			sourceTree = "<group>";
		};
		27F70E3727BEA9E50034EADE /* Products */ = {
			isa = PBXGroup;
			children = (
				27F70E3627BEA9E50034EADE /* ToDoApp.app */,
			);
			name = Products;
			sourceTree = "<group>";
		};
		27F70E3827BEA9E50034EADE /* ToDoApp */ = {
			isa = PBXGroup;
			children = (
				27F70E3927BEA9E50034EADE /* AppDelegate.swift */,
				27F70E5127BEC8F70034EADE /* ListViewController */,
				27F70E5627BEC94F0034EADE /* AddItemViewController */,
				27F70E5B27BEC9A70034EADE /* View */,
				27F70E5E27BEC9D20034EADE /* Model */,
				27F70E4227BEA9E90034EADE /* Assets.xcassets */,
				27F70E4427BEA9E90034EADE /* LaunchScreen.storyboard */,
				27F70E4727BEA9E90034EADE /* Info.plist */,
			);
			path = ToDoApp;
			sourceTree = "<group>";
		};
		27F70E5127BEC8F70034EADE /* ListViewController */ = {
			isa = PBXGroup;
			children = (
				27F70E4D27BEC8DC0034EADE /* ListViewController.swift */,
				27F70E4F27BEC8F00034EADE /* ListViewModel.swift */,
			);
			path = ListViewController;
			sourceTree = "<group>";
		};
		27F70E5627BEC94F0034EADE /* AddItemViewController */ = {
			isa = PBXGroup;
			children = (
				27F70E5227BEC9330034EADE /* AddItemViewController.swift */,
				27F70E5427BEC9460034EADE /* AddItemViewModel.swift */,
			);
			path = AddItemViewController;
			sourceTree = "<group>";
		};
		27F70E5B27BEC9A70034EADE /* View */ = {
			isa = PBXGroup;
			children = (
				27F70E5727BEC99D0034EADE /* TableCell.swift */,
				27F70E5827BEC99D0034EADE /* TableCell.xib */,
			);
			path = View;
			sourceTree = "<group>";
		};
		27F70E5E27BEC9D20034EADE /* Model */ = {
			isa = PBXGroup;
			children = (
				27F70E5C27BEC9C90034EADE /* TaskManager.swift */,
			);
			path = Model;
			sourceTree = "<group>";
		};
/* End PBXGroup section */

/* Begin PBXNativeTarget section */
		27F70E3527BEA9E50034EADE /* ToDoApp */ = {
			isa = PBXNativeTarget;
			buildConfigurationList = 27F70E4A27BEA9E90034EADE /* Build configuration list for PBXNativeTarget "ToDoApp" */;
			buildPhases = (
				27F70E3227BEA9E50034EADE /* Sources */,
				27F70E3327BEA9E50034EADE /* Frameworks */,
				27F70E3427BEA9E50034EADE /* Resources */,
			);
			buildRules = (
			);
			dependencies = (
			);
			name = ToDoApp;
			packageProductDependencies = (
				27F70E6027BECB860034EADE /* SnapKit */,
			);
			productName = ToDoApp;
			productReference = 27F70E3627BEA9E50034EADE /* ToDoApp.app */;
			productType = "com.apple.product-type.application";
		};
/* End PBXNativeTarget section */

/* Begin PBXProject section */
		27F70E2E27BEA9E50034EADE /* Project object */ = {
			isa = PBXProject;
			attributes = {
				BuildIndependentTargetsInParallel = 1;
				LastSwiftUpdateCheck = 1320;
				LastUpgradeCheck = 1320;
				TargetAttributes = {
					27F70E3527BEA9E50034EADE = {
						CreatedOnToolsVersion = 13.2.1;
					};
				};
			};
			buildConfigurationList = 27F70E3127BEA9E50034EADE /* Build configuration list for PBXProject "ToDoApp" */;
			compatibilityVersion = "Xcode 13.0";
			developmentRegion = en;
			hasScannedForEncodings = 0;
			knownRegions = (
				en,
				Base,
			);
			mainGroup = 27F70E2D27BEA9E50034EADE;
			packageReferences = (
				27F70E5F27BECB860034EADE /* XCRemoteSwiftPackageReference "SnapKit" */,
			);
			productRefGroup = 27F70E3727BEA9E50034EADE /* Products */;
			projectDirPath = "";
			projectRoot = "";
			targets = (
				27F70E3527BEA9E50034EADE /* ToDoApp */,
			);
		};
/* End PBXProject section */

/* Begin PBXResourcesBuildPhase section */
		27F70E3427BEA9E50034EADE /* Resources */ = {
			isa = PBXResourcesBuildPhase;
			buildActionMask = 2147483647;
			files = (
				27F70E4627BEA9E90034EADE /* LaunchScreen.storyboard in Resources */,
				27F70E5A27BEC99D0034EADE /* TableCell.xib in Resources */,
				27F70E4327BEA9E90034EADE /* Assets.xcassets in Resources */,
			);
			runOnlyForDeploymentPostprocessing = 0;
		};
/* End PBXResourcesBuildPhase section */

/* Begin PBXSourcesBuildPhase section */
		27F70E3227BEA9E50034EADE /* Sources */ = {
			isa = PBXSourcesBuildPhase;
			buildActionMask = 2147483647;
			files = (
				27F70E5327BEC9330034EADE /* AddItemViewController.swift in Sources */,
				27F70E5527BEC9460034EADE /* AddItemViewModel.swift in Sources */,
				27F70E5D27BEC9C90034EADE /* TaskManager.swift in Sources */,
				27F70E5927BEC99D0034EADE /* TableCell.swift in Sources */,
				27F70E3A27BEA9E50034EADE /* AppDelegate.swift in Sources */,
				27F70E5027BEC8F00034EADE /* ListViewModel.swift in Sources */,
				27F70E4E27BEC8DC0034EADE /* ListViewController.swift in Sources */,
			);
			runOnlyForDeploymentPostprocessing = 0;
		};
/* End PBXSourcesBuildPhase section */

/* Begin PBXVariantGroup section */
		27F70E4427BEA9E90034EADE /* LaunchScreen.storyboard */ = {
			isa = PBXVariantGroup;
			children = (
				27F70E4527BEA9E90034EADE /* Base */,
			);
			name = LaunchScreen.storyboard;
			sourceTree = "<group>";
		};
/* End PBXVariantGroup section */

/* Begin XCBuildConfiguration section */
		27F70E4827BEA9E90034EADE /* Debug */ = {
			isa = XCBuildConfiguration;
			buildSettings = {
				ALWAYS_SEARCH_USER_PATHS = NO;
				CLANG_ANALYZER_NONNULL = YES;
				CLANG_ANALYZER_NUMBER_OBJECT_CONVERSION = YES_AGGRESSIVE;
				CLANG_CXX_LANGUAGE_STANDARD = "gnu++17";
				CLANG_CXX_LIBRARY = "libc++";
				CLANG_ENABLE_MODULES = YES;
				CLANG_ENABLE_OBJC_ARC = YES;
				CLANG_ENABLE_OBJC_WEAK = YES;
				CLANG_WARN_BLOCK_CAPTURE_AUTORELEASING = YES;
				CLANG_WARN_BOOL_CONVERSION = YES;
				CLANG_WARN_COMMA = YES;
				CLANG_WARN_CONSTANT_CONVERSION = YES;
				CLANG_WARN_DEPRECATED_OBJC_IMPLEMENTATIONS = YES;
				CLANG_WARN_DIRECT_OBJC_ISA_USAGE = YES_ERROR;
				CLANG_WARN_DOCUMENTATION_COMMENTS = YES;
				CLANG_WARN_EMPTY_BODY = YES;
				CLANG_WARN_ENUM_CONVERSION = YES;
				CLANG_WARN_INFINITE_RECURSION = YES;
				CLANG_WARN_INT_CONVERSION = YES;
				CLANG_WARN_NON_LITERAL_NULL_CONVERSION = YES;
				CLANG_WARN_OBJC_IMPLICIT_RETAIN_SELF = YES;
				CLANG_WARN_OBJC_LITERAL_CONVERSION = YES;
				CLANG_WARN_OBJC_ROOT_CLASS = YES_ERROR;
				CLANG_WARN_QUOTED_INCLUDE_IN_FRAMEWORK_HEADER = YES;
				CLANG_WARN_RANGE_LOOP_ANALYSIS = YES;
				CLANG_WARN_STRICT_PROTOTYPES = YES;
				CLANG_WARN_SUSPICIOUS_MOVE = YES;
				CLANG_WARN_UNGUARDED_AVAILABILITY = YES_AGGRESSIVE;
				CLANG_WARN_UNREACHABLE_CODE = YES;
				CLANG_WARN__DUPLICATE_METHOD_MATCH = YES;
				COPY_PHASE_STRIP = NO;
				DEBUG_INFORMATION_FORMAT = dwarf;
				ENABLE_STRICT_OBJC_MSGSEND = YES;
				ENABLE_TESTABILITY = YES;
				GCC_C_LANGUAGE_STANDARD = gnu11;
				GCC_DYNAMIC_NO_PIC = NO;
				GCC_NO_COMMON_BLOCKS = YES;
				GCC_OPTIMIZATION_LEVEL = 0;
				GCC_PREPROCESSOR_DEFINITIONS = (
					"DEBUG=1",
					"$(inherited)",
				);
				GCC_WARN_64_TO_32_BIT_CONVERSION = YES;
				GCC_WARN_ABOUT_RETURN_TYPE = YES_ERROR;
				GCC_WARN_UNDECLARED_SELECTOR = YES;
				GCC_WARN_UNINITIALIZED_AUTOS = YES_AGGRESSIVE;
				GCC_WARN_UNUSED_FUNCTION = YES;
				GCC_WARN_UNUSED_VARIABLE = YES;
				IPHONEOS_DEPLOYMENT_TARGET = 15.2;
				MTL_ENABLE_DEBUG_INFO = INCLUDE_SOURCE;
				MTL_FAST_MATH = YES;
				ONLY_ACTIVE_ARCH = YES;
				SDKROOT = iphoneos;
				SWIFT_ACTIVE_COMPILATION_CONDITIONS = DEBUG;
				SWIFT_OPTIMIZATION_LEVEL = "-Onone";
			};
			name = Debug;
		};
		27F70E4927BEA9E90034EADE /* Release */ = {
			isa = XCBuildConfiguration;
			buildSettings = {
				ALWAYS_SEARCH_USER_PATHS = NO;
				CLANG_ANALYZER_NONNULL = YES;
				CLANG_ANALYZER_NUMBER_OBJECT_CONVERSION = YES_AGGRESSIVE;
				CLANG_CXX_LANGUAGE_STANDARD = "gnu++17";
				CLANG_CXX_LIBRARY = "libc++";
				CLANG_ENABLE_MODULES = YES;
				CLANG_ENABLE_OBJC_ARC = YES;
				CLANG_ENABLE_OBJC_WEAK = YES;
				CLANG_WARN_BLOCK_CAPTURE_AUTORELEASING = YES;
				CLANG_WARN_BOOL_CONVERSION = YES;
				CLANG_WARN_COMMA = YES;
				CLANG_WARN_CONSTANT_CONVERSION = YES;
				CLANG_WARN_DEPRECATED_OBJC_IMPLEMENTATIONS = YES;
				CLANG_WARN_DIRECT_OBJC_ISA_USAGE = YES_ERROR;
				CLANG_WARN_DOCUMENTATION_COMMENTS = YES;
				CLANG_WARN_EMPTY_BODY = YES;
				CLANG_WARN_ENUM_CONVERSION = YES;
				CLANG_WARN_INFINITE_RECURSION = YES;
				CLANG_WARN_INT_CONVERSION = YES;
				CLANG_WARN_NON_LITERAL_NULL_CONVERSION = YES;
				CLANG_WARN_OBJC_IMPLICIT_RETAIN_SELF = YES;
				CLANG_WARN_OBJC_LITERAL_CONVERSION = YES;
				CLANG_WARN_OBJC_ROOT_CLASS = YES_ERROR;
				CLANG_WARN_QUOTED_INCLUDE_IN_FRAMEWORK_HEADER = YES;
				CLANG_WARN_RANGE_LOOP_ANALYSIS = YES;
				CLANG_WARN_STRICT_PROTOTYPES = YES;
				CLANG_WARN_SUSPICIOUS_MOVE = YES;
				CLANG_WARN_UNGUARDED_AVAILABILITY = YES_AGGRESSIVE;
				CLANG_WARN_UNREACHABLE_CODE = YES;
				CLANG_WARN__DUPLICATE_METHOD_MATCH = YES;
				COPY_PHASE_STRIP = NO;
				DEBUG_INFORMATION_FORMAT = "dwarf-with-dsym";
				ENABLE_NS_ASSERTIONS = NO;
				ENABLE_STRICT_OBJC_MSGSEND = YES;
				GCC_C_LANGUAGE_STANDARD = gnu11;
				GCC_NO_COMMON_BLOCKS = YES;
				GCC_WARN_64_TO_32_BIT_CONVERSION = YES;
				GCC_WARN_ABOUT_RETURN_TYPE = YES_ERROR;
				GCC_WARN_UNDECLARED_SELECTOR = YES;
				GCC_WARN_UNINITIALIZED_AUTOS = YES_AGGRESSIVE;
				GCC_WARN_UNUSED_FUNCTION = YES;
				GCC_WARN_UNUSED_VARIABLE = YES;
				IPHONEOS_DEPLOYMENT_TARGET = 15.2;
				MTL_ENABLE_DEBUG_INFO = NO;
				MTL_FAST_MATH = YES;
				SDKROOT = iphoneos;
				SWIFT_COMPILATION_MODE = wholemodule;
				SWIFT_OPTIMIZATION_LEVEL = "-O";
				VALIDATE_PRODUCT = YES;
			};
			name = Release;
		};
		27F70E4B27BEA9E90034EADE /* Debug */ = {
			isa = XCBuildConfiguration;
			buildSettings = {
				ASSETCATALOG_COMPILER_APPICON_NAME = AppIcon;
				ASSETCATALOG_COMPILER_GLOBAL_ACCENT_COLOR_NAME = AccentColor;
				CODE_SIGN_STYLE = Automatic;
				CURRENT_PROJECT_VERSION = 1;
				DEVELOPMENT_TEAM = 89YN5XG8R7;
				GENERATE_INFOPLIST_FILE = YES;
				INFOPLIST_FILE = ToDoApp/Info.plist;
				INFOPLIST_KEY_UIApplicationSupportsIndirectInputEvents = YES;
				INFOPLIST_KEY_UILaunchStoryboardName = LaunchScreen;
				INFOPLIST_KEY_UISupportedInterfaceOrientations_iPad = "UIInterfaceOrientationPortrait UIInterfaceOrientationPortraitUpsideDown UIInterfaceOrientationLandscapeLeft UIInterfaceOrientationLandscapeRight";
				INFOPLIST_KEY_UISupportedInterfaceOrientations_iPhone = "UIInterfaceOrientationPortrait UIInterfaceOrientationLandscapeLeft UIInterfaceOrientationLandscapeRight";
				LD_RUNPATH_SEARCH_PATHS = (
					"$(inherited)",
					"@executable_path/Frameworks",
				);
				MARKETING_VERSION = 1.0;
				PRODUCT_BUNDLE_IDENTIFIER = deniss.lobacs.ToDoApp;
				PRODUCT_NAME = "$(TARGET_NAME)";
				SWIFT_EMIT_LOC_STRINGS = YES;
				SWIFT_VERSION = 5.0;
				TARGETED_DEVICE_FAMILY = "1,2";
			};
			name = Debug;
		};
		27F70E4C27BEA9E90034EADE /* Release */ = {
			isa = XCBuildConfiguration;
			buildSettings = {
				ASSETCATALOG_COMPILER_APPICON_NAME = AppIcon;
				ASSETCATALOG_COMPILER_GLOBAL_ACCENT_COLOR_NAME = AccentColor;
				CODE_SIGN_STYLE = Automatic;
				CURRENT_PROJECT_VERSION = 1;
				DEVELOPMENT_TEAM = 89YN5XG8R7;
				GENERATE_INFOPLIST_FILE = YES;
				INFOPLIST_FILE = ToDoApp/Info.plist;
				INFOPLIST_KEY_UIApplicationSupportsIndirectInputEvents = YES;
				INFOPLIST_KEY_UILaunchStoryboardName = LaunchScreen;
				INFOPLIST_KEY_UISupportedInterfaceOrientations_iPad = "UIInterfaceOrientationPortrait UIInterfaceOrientationPortraitUpsideDown UIInterfaceOrientationLandscapeLeft UIInterfaceOrientationLandscapeRight";
				INFOPLIST_KEY_UISupportedInterfaceOrientations_iPhone = "UIInterfaceOrientationPortrait UIInterfaceOrientationLandscapeLeft UIInterfaceOrientationLandscapeRight";
				LD_RUNPATH_SEARCH_PATHS = (
					"$(inherited)",
					"@executable_path/Frameworks",
				);
				MARKETING_VERSION = 1.0;
				PRODUCT_BUNDLE_IDENTIFIER = deniss.lobacs.ToDoApp;
				PRODUCT_NAME = "$(TARGET_NAME)";
				SWIFT_EMIT_LOC_STRINGS = YES;
				SWIFT_VERSION = 5.0;
				TARGETED_DEVICE_FAMILY = "1,2";
			};
			name = Release;
		};
/* End XCBuildConfiguration section */

/* Begin XCConfigurationList section */
		27F70E3127BEA9E50034EADE /* Build configuration list for PBXProject "ToDoApp" */ = {
			isa = XCConfigurationList;
			buildConfigurations = (
				27F70E4827BEA9E90034EADE /* Debug */,
				27F70E4927BEA9E90034EADE /* Release */,
			);
			defaultConfigurationIsVisible = 0;
			defaultConfigurationName = Release;
		};
		27F70E4A27BEA9E90034EADE /* Build configuration list for PBXNativeTarget "ToDoApp" */ = {
			isa = XCConfigurationList;
			buildConfigurations = (
				27F70E4B27BEA9E90034EADE /* Debug */,
				27F70E4C27BEA9E90034EADE /* Release */,
			);
			defaultConfigurationIsVisible = 0;
			defaultConfigurationName = Release;
		};
/* End XCConfigurationList section */

/* Begin XCRemoteSwiftPackageReference section */
		27F70E5F27BECB860034EADE /* XCRemoteSwiftPackageReference "SnapKit" */ = {
			isa = XCRemoteSwiftPackageReference;
			repositoryURL = "https://github.com/SnapKit/SnapKit";
			requirement = {
				branch = develop;
				kind = branch;
			};
		};
/* End XCRemoteSwiftPackageReference section */

/* Begin XCSwiftPackageProductDependency section */
		27F70E6027BECB860034EADE /* SnapKit */ = {
			isa = XCSwiftPackageProductDependency;
			package = 27F70E5F27BECB860034EADE /* XCRemoteSwiftPackageReference "SnapKit" */;
			productName = SnapKit;
		};
/* End XCSwiftPackageProductDependency section */
	};
	rootObject = 27F70E2E27BEA9E50034EADE /* Project object */;
}
